Microsoft Visual Studio Solution File, Format Version 11.00
# Visual Studio 2008

Project("{41F846F2-B857-E57F-B008-BAF148A6D632}") = "LD35", "Assembly-CSharp.csproj", "{0D26E6B4-300D-A787-7701-419D47A1598C}"
EndProject
Global
	GlobalSection(SolutionConfigurationPlatforms) = preSolution
		Debug|Any CPU = Debug|Any CPU
		Release|Any CPU = Release|Any CPU
	EndGlobalSection
	GlobalSection(ProjectConfigurationPlatforms) = postSolution
		{0D26E6B4-300D-A787-7701-419D47A1598C}.Debug|Any CPU.ActiveCfg = Debug|Any CPU
		{0D26E6B4-300D-A787-7701-419D47A1598C}.Debug|Any CPU.Build.0 = Debug|Any CPU
		{0D26E6B4-300D-A787-7701-419D47A1598C}.Release|Any CPU.ActiveCfg = Release|Any CPU
		{0D26E6B4-300D-A787-7701-419D47A1598C}.Release|Any CPU.Build.0 = Release|Any CPU
	EndGlobalSection
	GlobalSection(SolutionProperties) = preSolution
		HideSolutionNode = FALSE
	EndGlobalSection
	GlobalSection(MonoDevelopProperties) = preSolution
		StartupItem = Assembly-CSharp.csproj
	EndGlobalSection
EndGlobal
